// !$*UTF8*$!
{
	archiveVersion = 1;
	classes = {
	};
	objectVersion = 46;
	objects = {

/* Begin PBXBuildFile section */
		A99901971ADA9764002D95F9 /* AppDelegate.swift in Sources */ = {isa = PBXBuildFile; fileRef = A99901961ADA9764002D95F9 /* AppDelegate.swift */; };
		A99901991ADA9764002D95F9 /* ViewController.swift in Sources */ = {isa = PBXBuildFile; fileRef = A99901981ADA9764002D95F9 /* ViewController.swift */; };
		A999019C1ADA9764002D95F9 /* Main.storyboard in Resources */ = {isa = PBXBuildFile; fileRef = A999019A1ADA9764002D95F9 /* Main.storyboard */; };
		A999019E1ADA9764002D95F9 /* Images.xcassets in Resources */ = {isa = PBXBuildFile; fileRef = A999019D1ADA9764002D95F9 /* Images.xcassets */; };
		A99901A11ADA9764002D95F9 /* LaunchScreen.xib in Resources */ = {isa = PBXBuildFile; fileRef = A999019F1ADA9764002D95F9 /* LaunchScreen.xib */; };
		A99901AD1ADA9764002D95F9 /* MyOmikujiAppTests.swift in Sources */ = {isa = PBXBuildFile; fileRef = A99901AC1ADA9764002D95F9 /* MyOmikujiAppTests.swift */; };
/* End PBXBuildFile section */

/* Begin PBXContainerItemProxy section */
		A99901A71ADA9764002D95F9 /* PBXContainerItemProxy */ = {
			isa = PBXContainerItemProxy;
			containerPortal = A99901891ADA9764002D95F9 /* Project object */;
			proxyType = 1;
			remoteGlobalIDString = A99901901ADA9764002D95F9;
			remoteInfo = MyOmikujiApp;
		};
/* End PBXContainerItemProxy section */

/* Begin PBXFileReference section */
		A99901911ADA9764002D95F9 /* MyOmikujiApp.app */ = {isa = PBXFileReference; explicitFileType = wrapper.application; includeInIndex = 0; path = MyOmikujiApp.app; sourceTree = BUILT_PRODUCTS_DIR; };
		A99901951ADA9764002D95F9 /* Info.plist */ = {isa = PBXFileReference; lastKnownFileType = text.plist.xml; path = Info.plist; sourceTree = "<group>"; };
		A99901961ADA9764002D95F9 /* AppDelegate.swift */ = {isa = PBXFileReference; lastKnownFileType = sourcecode.swift; path = AppDelegate.swift; sourceTree = "<group>"; };
		A99901981ADA9764002D95F9 /* ViewController.swift */ = {isa = PBXFileReference; lastKnownFileType = sourcecode.swift; path = ViewController.swift; sourceTree = "<group>"; };
		A999019B1ADA9764002D95F9 /* Base */ = {isa = PBXFileReference; lastKnownFileType = file.storyboard; name = Base; path = Base.lproj/Main.storyboard; sourceTree = "<group>"; };
		A999019D1ADA9764002D95F9 /* Images.xcassets */ = {isa = PBXFileReference; lastKnownFileType = folder.assetcatalog; path = Images.xcassets; sourceTree = "<group>"; };
		A99901A01ADA9764002D95F9 /* Base */ = {isa = PBXFileReference; lastKnownFileType = file.xib; name = Base; path = Base.lproj/LaunchScreen.xib; sourceTree = "<group>"; };
		A99901A61ADA9764002D95F9 /* MyOmikujiAppTests.xctest */ = {isa = PBXFileReference; explicitFileType = wrapper.cfbundle; includeInIndex = 0; path = MyOmikujiAppTests.xctest; sourceTree = BUILT_PRODUCTS_DIR; };
		A99901AB1ADA9764002D95F9 /* Info.plist */ = {isa = PBXFileReference; lastKnownFileType = text.plist.xml; path = Info.plist; sourceTree = "<group>"; };
		A99901AC1ADA9764002D95F9 /* MyOmikujiAppTests.swift */ = {isa = PBXFileReference; lastKnownFileType = sourcecode.swift; path = MyOmikujiAppTests.swift; sourceTree = "<group>"; };
/* End PBXFileReference section */

/* Begin PBXFrameworksBuildPhase section */
		A999018E1ADA9764002D95F9 /* Frameworks */ = {
			isa = PBXFrameworksBuildPhase;
			buildActionMask = 2147483647;
			files = (
			);
			runOnlyForDeploymentPostprocessing = 0;
		};
		A99901A31ADA9764002D95F9 /* Frameworks */ = {
			isa = PBXFrameworksBuildPhase;
			buildActionMask = 2147483647;
			files = (
			);
			runOnlyForDeploymentPostprocessing = 0;
		};
/* End PBXFrameworksBuildPhase section */

/* Begin PBXGroup section */
		A99901881ADA9764002D95F9 = {
			isa = PBXGroup;
			children = (
				A99901931ADA9764002D95F9 /* MyOmikujiApp */,
				A99901A91ADA9764002D95F9 /* MyOmikujiAppTests */,
				A99901921ADA9764002D95F9 /* Products */,
			);
			sourceTree = "<group>";
		};
		A99901921ADA9764002D95F9 /* Products */ = {
			isa = PBXGroup;
			children = (
				A99901911ADA9764002D95F9 /* MyOmikujiApp.app */,
				A99901A61ADA9764002D95F9 /* MyOmikujiAppTests.xctest */,
			);
			name = Products;
			sourceTree = "<group>";
		};
		A99901931ADA9764002D95F9 /* MyOmikujiApp */ = {
			isa = PBXGroup;
			children = (
				A99901961ADA9764002D95F9 /* AppDelegate.swift */,
				A99901981ADA9764002D95F9 /* ViewController.swift */,
				A999019A1ADA9764002D95F9 /* Main.storyboard */,
				A999019D1ADA9764002D95F9 /* Images.xcassets */,
				A999019F1ADA9764002D95F9 /* LaunchScreen.xib */,
				A99901941ADA9764002D95F9 /* Supporting Files */,
			);
			path = MyOmikujiApp;
			sourceTree = "<group>";
		};
		A99901941ADA9764002D95F9 /* Supporting Files */ = {
			isa = PBXGroup;
			children = (
				A99901951ADA9764002D95F9 /* Info.plist */,
			);
			name = "Supporting Files";
			sourceTree = "<group>";
		};
		A99901A91ADA9764002D95F9 /* MyOmikujiAppTests */ = {
			isa = PBXGroup;
			children = (
				A99901AC1ADA9764002D95F9 /* MyOmikujiAppTests.swift */,
				A99901AA1ADA9764002D95F9 /* Supporting Files */,
			);
			path = MyOmikujiAppTests;
			sourceTree = "<group>";
		};
		A99901AA1ADA9764002D95F9 /* Supporting Files */ = {
			isa = PBXGroup;
			children = (
				A99901AB1ADA9764002D95F9 /* Info.plist */,
			);
			name = "Supporting Files";
			sourceTree = "<group>";
		};
/* End PBXGroup section */

/* Begin PBXNativeTarget section */
		A99901901ADA9764002D95F9 /* MyOmikujiApp */ = {
			isa = PBXNativeTarget;
			buildConfigurationList = A99901B01ADA9764002D95F9 /* Build configuration list for PBXNativeTarget "MyOmikujiApp" */;
			buildPhases = (
				A999018D1ADA9764002D95F9 /* Sources */,
				A999018E1ADA9764002D95F9 /* Frameworks */,
				A999018F1ADA9764002D95F9 /* Resources */,
			);
			buildRules = (
			);
			dependencies = (
			);
			name = MyOmikujiApp;
			productName = MyOmikujiApp;
			productReference = A99901911ADA9764002D95F9 /* MyOmikujiApp.app */;
			productType = "com.apple.product-type.application";
		};
		A99901A51ADA9764002D95F9 /* MyOmikujiAppTests */ = {
			isa = PBXNativeTarget;
			buildConfigurationList = A99901B31ADA9764002D95F9 /* Build configuration list for PBXNativeTarget "MyOmikujiAppTests" */;
			buildPhases = (
				A99901A21ADA9764002D95F9 /* Sources */,
				A99901A31ADA9764002D95F9 /* Frameworks */,
				A99901A41ADA9764002D95F9 /* Resources */,
			);
			buildRules = (
			);
			dependencies = (
				A99901A81ADA9764002D95F9 /* PBXTargetDependency */,
			);
			name = MyOmikujiAppTests;
			productName = MyOmikujiAppTests;
			productReference = A99901A61ADA9764002D95F9 /* MyOmikujiAppTests.xctest */;
			productType = "com.apple.product-type.bundle.unit-test";
		};
/* End PBXNativeTarget section */

/* Begin PBXProject section */
		A99901891ADA9764002D95F9 /* Project object */ = {
			isa = PBXProject;
			attributes = {
				LastUpgradeCheck = 0630;
				ORGANIZATIONNAME = kheiakiyama;
				TargetAttributes = {
					A99901901ADA9764002D95F9 = {
						CreatedOnToolsVersion = 6.3;
					};
					A99901A51ADA9764002D95F9 = {
						CreatedOnToolsVersion = 6.3;
						TestTargetID = A99901901ADA9764002D95F9;
					};
				};
			};
			buildConfigurationList = A999018C1ADA9764002D95F9 /* Build configuration list for PBXProject "MyOmikujiApp" */;
			compatibilityVersion = "Xcode 3.2";
			developmentRegion = English;
			hasScannedForEncodings = 0;
			knownRegions = (
				en,
				Base,
			);
			mainGroup = A99901881ADA9764002D95F9;
			productRefGroup = A99901921ADA9764002D95F9 /* Products */;
			projectDirPath = "";
			projectRoot = "";
			targets = (
				A99901901ADA9764002D95F9 /* MyOmikujiApp */,
				A99901A51ADA9764002D95F9 /* MyOmikujiAppTests */,
			);
		};
/* End PBXProject section */

/* Begin PBXResourcesBuildPhase section */
		A999018F1ADA9764002D95F9 /* Resources */ = {
			isa = PBXResourcesBuildPhase;
			buildActionMask = 2147483647;
			files = (
				A999019C1ADA9764002D95F9 /* Main.storyboard in Resources */,
				A99901A11ADA9764002D95F9 /* LaunchScreen.xib in Resources */,
				A999019E1ADA9764002D95F9 /* Images.xcassets in Resources */,
			);
			runOnlyForDeploymentPostprocessing = 0;
		};
		A99901A41ADA9764002D95F9 /* Resources */ = {
			isa = PBXResourcesBuildPhase;
			buildActionMask = 2147483647;
			files = (
			);
			runOnlyForDeploymentPostprocessing = 0;
		};
/* End PBXResourcesBuildPhase section */

/* Begin PBXSourcesBuildPhase section */
		A999018D1ADA9764002D95F9 /* Sources */ = {
			isa = PBXSourcesBuildPhase;
			buildActionMask = 2147483647;
			files = (
				A99901991ADA9764002D95F9 /* ViewController.swift in Sources */,
				A99901971ADA9764002D95F9 /* AppDelegate.swift in Sources */,
			);
			runOnlyForDeploymentPostprocessing = 0;
		};
		A99901A21ADA9764002D95F9 /* Sources */ = {
			isa = PBXSourcesBuildPhase;
			buildActionMask = 2147483647;
			files = (
				A99901AD1ADA9764002D95F9 /* MyOmikujiAppTests.swift in Sources */,
			);
			runOnlyForDeploymentPostprocessing = 0;
		};
/* End PBXSourcesBuildPhase section */

/* Begin PBXTargetDependency section */
		A99901A81ADA9764002D95F9 /* PBXTargetDependency */ = {
			isa = PBXTargetDependency;
			target = A99901901ADA9764002D95F9 /* MyOmikujiApp */;
			targetProxy = A99901A71ADA9764002D95F9 /* PBXContainerItemProxy */;
		};
/* End PBXTargetDependency section */

/* Begin PBXVariantGroup section */
		A999019A1ADA9764002D95F9 /* Main.storyboard */ = {
			isa = PBXVariantGroup;
			children = (
				A999019B1ADA9764002D95F9 /* Base */,
			);
			name = Main.storyboard;
			sourceTree = "<group>";
		};
		A999019F1ADA9764002D95F9 /* LaunchScreen.xib */ = {
			isa = PBXVariantGroup;
			children = (
				A99901A01ADA9764002D95F9 /* Base */,
			);
			name = LaunchScreen.xib;
			sourceTree = "<group>";
		};
/* End PBXVariantGroup section */

/* Begin XCBuildConfiguration section */
		A99901AE1ADA9764002D95F9 /* Debug */ = {
			isa = XCBuildConfiguration;
			buildSettings = {
				ALWAYS_SEARCH_USER_PATHS = NO;
				CLANG_CXX_LANGUAGE_STANDARD = "gnu++0x";
				CLANG_CXX_LIBRARY = "libc++";
				CLANG_ENABLE_MODULES = YES;
				CLANG_ENABLE_OBJC_ARC = YES;
				CLANG_WARN_BOOL_CONVERSION = YES;
				CLANG_WARN_CONSTANT_CONVERSION = YES;
				CLANG_WARN_DIRECT_OBJC_ISA_USAGE = YES_ERROR;
				CLANG_WARN_EMPTY_BODY = YES;
				CLANG_WARN_ENUM_CONVERSION = YES;
				CLANG_WARN_INT_CONVERSION = YES;
				CLANG_WARN_OBJC_ROOT_CLASS = YES_ERROR;
				CLANG_WARN_UNREACHABLE_CODE = YES;
				CLANG_WARN__DUPLICATE_METHOD_MATCH = YES;
				"CODE_SIGN_IDENTITY[sdk=iphoneos*]" = "iPhone Developer";
				COPY_PHASE_STRIP = NO;
				DEBUG_INFORMATION_FORMAT = "dwarf-with-dsym";
				ENABLE_STRICT_OBJC_MSGSEND = YES;
				GCC_C_LANGUAGE_STANDARD = gnu99;
				GCC_DYNAMIC_NO_PIC = NO;
				GCC_NO_COMMON_BLOCKS = YES;
				GCC_OPTIMIZATION_LEVEL = 0;
				GCC_PREPROCESSOR_DEFINITIONS = (
					"DEBUG=1",
					"$(inherited)",
				);
				GCC_SYMBOLS_PRIVATE_EXTERN = NO;
				GCC_WARN_64_TO_32_BIT_CONVERSION = YES;
				GCC_WARN_ABOUT_RETURN_TYPE = YES_ERROR;
				GCC_WARN_UNDECLARED_SELECTOR = YES;
				GCC_WARN_UNINITIALIZED_AUTOS = YES_AGGRESSIVE;
				GCC_WARN_UNUSED_FUNCTION = YES;
				GCC_WARN_UNUSED_VARIABLE = YES;
				IPHONEOS_DEPLOYMENT_TARGET = 8.3;
				MTL_ENABLE_DEBUG_INFO = YES;
				ONLY_ACTIVE_ARCH = YES;
				SDKROOT = iphoneos;
				SWIFT_OPTIMIZATION_LEVEL = "-Onone";
				TARGETED_DEVICE_FAMILY = "1,2";
			};
			name = Debug;
		};
		A99901AF1ADA9764002D95F9 /* Release */ = {
			isa = XCBuildConfiguration;
			buildSettings = {
				ALWAYS_SEARCH_USER_PATHS = NO;
				CLANG_CXX_LANGUAGE_STANDARD = "gnu++0x";
				CLANG_CXX_LIBRARY = "libc++";
				CLANG_ENABLE_MODULES = YES;
				CLANG_ENABLE_OBJC_ARC = YES;
				CLANG_WARN_BOOL_CONVERSION = YES;
				CLANG_WARN_CONSTANT_CONVERSION = YES;
				CLANG_WARN_DIRECT_OBJC_ISA_USAGE = YES_ERROR;
				CLANG_WARN_EMPTY_BODY = YES;
				CLANG_WARN_ENUM_CONVERSION = YES;
				CLANG_WARN_INT_CONVERSION = YES;
				CLANG_WARN_OBJC_ROOT_CLASS = YES_ERROR;
				CLANG_WARN_UNREACHABLE_CODE = YES;
				CLANG_WARN__DUPLICATE_METHOD_MATCH = YES;
				"CODE_SIGN_IDENTITY[sdk=iphoneos*]" = "iPhone Developer";
				COPY_PHASE_STRIP = NO;
				DEBUG_INFORMATION_FORMAT = "dwarf-with-dsym";
				ENABLE_NS_ASSERTIONS = NO;
				ENABLE_STRICT_OBJC_MSGSEND = YES;
				GCC_C_LANGUAGE_STANDARD = gnu99;
				GCC_NO_COMMON_BLOCKS = YES;
				GCC_WARN_64_TO_32_BIT_CONVERSION = YES;
				GCC_WARN_ABOUT_RETURN_TYPE = YES_ERROR;
				GCC_WARN_UNDECLARED_SELECTOR = YES;
				GCC_WARN_UNINITIALIZED_AUTOS = YES_AGGRESSIVE;
				GCC_WARN_UNUSED_FUNCTION = YES;
				GCC_WARN_UNUSED_VARIABLE = YES;
				IPHONEOS_DEPLOYMENT_TARGET = 8.3;
				MTL_ENABLE_DEBUG_INFO = NO;
				SDKROOT = iphoneos;
				TARGETED_DEVICE_FAMILY = "1,2";
				VALIDATE_PRODUCT = YES;
			};
			name = Release;
		};
		A99901B11ADA9764002D95F9 /* Debug */ = {
			isa = XCBuildConfiguration;
			buildSettings = {
				ASSETCATALOG_COMPILER_APPICON_NAME = AppIcon;
				INFOPLIST_FILE = MyOmikujiApp/Info.plist;
				LD_RUNPATH_SEARCH_PATHS = "$(inherited) @executable_path/Frameworks";
				PRODUCT_NAME = "$(TARGET_NAME)";
			};
			name = Debug;
		};
		A99901B21ADA9764002D95F9 /* Release */ = {
			isa = XCBuildConfiguration;
			buildSettings = {
				ASSETCATALOG_COMPILER_APPICON_NAME = AppIcon;
				INFOPLIST_FILE = MyOmikujiApp/Info.plist;
				LD_RUNPATH_SEARCH_PATHS = "$(inherited) @executable_path/Frameworks";
				PRODUCT_NAME = "$(TARGET_NAME)";
			};
			name = Release;
		};
		A99901B41ADA9764002D95F9 /* Debug */ = {
			isa = XCBuildConfiguration;
			buildSettings = {
				BUNDLE_LOADER = "$(TEST_HOST)";
				FRAMEWORK_SEARCH_PATHS = (
					"$(SDKROOT)/Developer/Library/Frameworks",
					"$(inherited)",
				);
				GCC_PREPROCESSOR_DEFINITIONS = (
					"DEBUG=1",
					"$(inherited)",
				);
				INFOPLIST_FILE = MyOmikujiAppTests/Info.plist;
				LD_RUNPATH_SEARCH_PATHS = "$(inherited) @executable_path/Frameworks @loader_path/Frameworks";
				PRODUCT_NAME = "$(TARGET_NAME)";
				TEST_HOST = "$(BUILT_PRODUCTS_DIR)/MyOmikujiApp.app/MyOmikujiApp";
			};
			name = Debug;
		};
		A99901B51ADA9764002D95F9 /* Release */ = {
			isa = XCBuildConfiguration;
			buildSettings = {
				BUNDLE_LOADER = "$(TEST_HOST)";
				FRAMEWORK_SEARCH_PATHS = (
					"$(SDKROOT)/Developer/Library/Frameworks",
					"$(inherited)",
				);
				INFOPLIST_FILE = MyOmikujiAppTests/Info.plist;
				LD_RUNPATH_SEARCH_PATHS = "$(inherited) @executable_path/Frameworks @loader_path/Frameworks";
				PRODUCT_NAME = "$(TARGET_NAME)";
				TEST_HOST = "$(BUILT_PRODUCTS_DIR)/MyOmikujiApp.app/MyOmikujiApp";
			};
			name = Release;
		};
/* End XCBuildConfiguration section */

/* Begin XCConfigurationList section */
		A999018C1ADA9764002D95F9 /* Build configuration list for PBXProject "MyOmikujiApp" */ = {
			isa = XCConfigurationList;
			buildConfigurations = (
				A99901AE1ADA9764002D95F9 /* Debug */,
				A99901AF1ADA9764002D95F9 /* Release */,
			);
			defaultConfigurationIsVisible = 0;
			defaultConfigurationName = Release;
		};
		A99901B01ADA9764002D95F9 /* Build configuration list for PBXNativeTarget "MyOmikujiApp" */ = {
			isa = XCConfigurationList;
			buildConfigurations = (
				A99901B11ADA9764002D95F9 /* Debug */,
				A99901B21ADA9764002D95F9 /* Release */,
			);
			defaultConfigurationIsVisible = 0;
		};
		A99901B31ADA9764002D95F9 /* Build configuration list for PBXNativeTarget "MyOmikujiAppTests" */ = {
			isa = XCConfigurationList;
			buildConfigurations = (
				A99901B41ADA9764002D95F9 /* Debug */,
				A99901B51ADA9764002D95F9 /* Release */,
			);
			defaultConfigurationIsVisible = 0;
		};
/* End XCConfigurationList section */
	};
	rootObject = A99901891ADA9764002D95F9 /* Project object */;
}
